
Microsoft Visual Studio Solution File, Format Version 12.00
# Visual Studio Version 16
VisualStudioVersion = 16.0.30907.101
MinimumVisualStudioVersion = 10.0.40219.1
Project("{8BC9CEB8-8B4A-11D0-8D11-00A0C91BC942}") = "parket", "parket\parket.vcxproj", "{F84AC2CF-52E3-4A2A-A49F-E260360C70DA}"
EndProject
Project("{8BC9CEB8-8B4A-11D0-8D11-00A0C91BC942}") = "UnitTest", "UnitTest\UnitTest.vcxproj", "{5F1ECA50-2ABF-42F7-8969-57F5FEB51802}"
EndProject
Project("{54435603-DBB4-11D2-8724-00A0C9A8B90C}") = "Setuparket", "Setuparket\Setuparket.vdproj", "{5152AEEB-18B3-43FD-84AA-6C5A7353434C}"
EndProject
Global
	GlobalSection(SolutionConfigurationPlatforms) = preSolution
		Debug|x64 = Debug|x64
		Debug|x86 = Debug|x86
		Release|x64 = Release|x64
		Release|x86 = Release|x86
	EndGlobalSection
	GlobalSection(ProjectConfigurationPlatforms) = postSolution
		{F84AC2CF-52E3-4A2A-A49F-E260360C70DA}.Debug|x64.ActiveCfg = Debug|x64
		{F84AC2CF-52E3-4A2A-A49F-E260360C70DA}.Debug|x64.Build.0 = Debug|x64
		{F84AC2CF-52E3-4A2A-A49F-E260360C70DA}.Debug|x86.ActiveCfg = Debug|Win32
		{F84AC2CF-52E3-4A2A-A49F-E260360C70DA}.Debug|x86.Build.0 = Debug|Win32
		{F84AC2CF-52E3-4A2A-A49F-E260360C70DA}.Release|x64.ActiveCfg = Release|x64
		{F84AC2CF-52E3-4A2A-A49F-E260360C70DA}.Release|x64.Build.0 = Release|x64
		{F84AC2CF-52E3-4A2A-A49F-E260360C70DA}.Release|x86.ActiveCfg = Release|Win32
		{F84AC2CF-52E3-4A2A-A49F-E260360C70DA}.Release|x86.Build.0 = Release|Win32
		{5F1ECA50-2ABF-42F7-8969-57F5FEB51802}.Debug|x64.ActiveCfg = Debug|x64
		{5F1ECA50-2ABF-42F7-8969-57F5FEB51802}.Debug|x64.Build.0 = Debug|x64
		{5F1ECA50-2ABF-42F7-8969-57F5FEB51802}.Debug|x86.ActiveCfg = Debug|Win32
		{5F1ECA50-2ABF-42F7-8969-57F5FEB51802}.Debug|x86.Build.0 = Debug|Win32
		{5F1ECA50-2ABF-42F7-8969-57F5FEB51802}.Release|x64.ActiveCfg = Release|x64
		{5F1ECA50-2ABF-42F7-8969-57F5FEB51802}.Release|x64.Build.0 = Release|x64
		{5F1ECA50-2ABF-42F7-8969-57F5FEB51802}.Release|x86.ActiveCfg = Release|Win32
		{5F1ECA50-2ABF-42F7-8969-57F5FEB51802}.Release|x86.Build.0 = Release|Win32
		{5152AEEB-18B3-43FD-84AA-6C5A7353434C}.Debug|x64.ActiveCfg = Debug
		{5152AEEB-18B3-43FD-84AA-6C5A7353434C}.Debug|x86.ActiveCfg = Debug
		{5152AEEB-18B3-43FD-84AA-6C5A7353434C}.Release|x64.ActiveCfg = Release
		{5152AEEB-18B3-43FD-84AA-6C5A7353434C}.Release|x86.ActiveCfg = Release
	EndGlobalSection
	GlobalSection(SolutionProperties) = preSolution
		HideSolutionNode = FALSE
	EndGlobalSection
	GlobalSection(ExtensibilityGlobals) = postSolution
		SolutionGuid = {9ED479B1-0FB0-4345-A093-3A1C9F5865EC}
	EndGlobalSection
EndGlobal
